Microsoft Visual Studio Solution File, Format Version 12.00
# Visual Studio 2012
Project("{FAE04EC0-301F-11D3-BF4B-00C04F79EFBC}") = "Arboricultor", "Arboricultor.csproj", "{E5952BA6-1D87-49A7-A907-912ABAE6A170}"
EndProject
Global
	GlobalSection(SolutionConfigurationPlatforms) = preSolution
	Debug|Any CPU = Debug|Any CPU
	ExportDebug|Any CPU = ExportDebug|Any CPU
	ExportRelease|Any CPU = ExportRelease|Any CPU
	EndGlobalSection
	GlobalSection(ProjectConfigurationPlatforms) = postSolution
		{E5952BA6-1D87-49A7-A907-912ABAE6A170}.Debug|Any CPU.ActiveCfg = Debug|Any CPU
		{E5952BA6-1D87-49A7-A907-912ABAE6A170}.Debug|Any CPU.Build.0 = Debug|Any CPU
		{E5952BA6-1D87-49A7-A907-912ABAE6A170}.ExportDebug|Any CPU.ActiveCfg = ExportDebug|Any CPU
		{E5952BA6-1D87-49A7-A907-912ABAE6A170}.ExportDebug|Any CPU.Build.0 = ExportDebug|Any CPU
		{E5952BA6-1D87-49A7-A907-912ABAE6A170}.ExportRelease|Any CPU.ActiveCfg = ExportRelease|Any CPU
		{E5952BA6-1D87-49A7-A907-912ABAE6A170}.ExportRelease|Any CPU.Build.0 = ExportRelease|Any CPU
	EndGlobalSection
EndGlobal
